
Microsoft Visual Studio Solution File, Format Version 12.00
# Visual Studio Version 17
VisualStudioVersion = 17.4.33403.182
MinimumVisualStudioVersion = 10.0.40219.1
Project("{FAE04EC0-301F-11D3-BF4B-00C04F79EFBC}") = "Unit10---HomeWork", "Unit10---HomeWork\Unit10---HomeWork.csproj", "{193B9746-1142-4147-9CC6-0DEF2DD82BDE}"
EndProject
Global
	GlobalSection(SolutionConfigurationPlatforms) = preSolution
		Debug|Any CPU = Debug|Any CPU
		Release|Any CPU = Release|Any CPU
	EndGlobalSection
	GlobalSection(ProjectConfigurationPlatforms) = postSolution
		{193B9746-1142-4147-9CC6-0DEF2DD82BDE}.Debug|Any CPU.ActiveCfg = Debug|Any CPU
		{193B9746-1142-4147-9CC6-0DEF2DD82BDE}.Debug|Any CPU.Build.0 = Debug|Any CPU
		{193B9746-1142-4147-9CC6-0DEF2DD82BDE}.Release|Any CPU.ActiveCfg = Release|Any CPU
		{193B9746-1142-4147-9CC6-0DEF2DD82BDE}.Release|Any CPU.Build.0 = Release|Any CPU
	EndGlobalSection
	GlobalSection(SolutionProperties) = preSolution
		HideSolutionNode = FALSE
	EndGlobalSection
	GlobalSection(ExtensibilityGlobals) = postSolution
		SolutionGuid = {BDA72909-4945-4BF5-98B9-8A57781EC5B8}
	EndGlobalSection
EndGlobal
